
Microsoft Visual Studio Solution File, Format Version 12.00
# Visual Studio 15
VisualStudioVersion = 15.0.27703.2026
MinimumVisualStudioVersion = 10.0.40219.1
Project("{FAE04EC0-301F-11D3-BF4B-00C04F79EFBC}") = "MVCdemo", "MVCdemo\MVCdemo.csproj", "{17EABE2F-6F53-4796-B9B0-7EBD97CC8C1B}"
EndProject
Project("{FAE04EC0-301F-11D3-BF4B-00C04F79EFBC}") = "MVCdemo.Tests", "MVCdemo.Tests\MVCdemo.Tests.csproj", "{8837DA03-830F-4613-9F60-04E29374A4E0}"
EndProject
Global
	GlobalSection(SolutionConfigurationPlatforms) = preSolution
		Debug|Any CPU = Debug|Any CPU
		Release|Any CPU = Release|Any CPU
	EndGlobalSection
	GlobalSection(ProjectConfigurationPlatforms) = postSolution
		{17EABE2F-6F53-4796-B9B0-7EBD97CC8C1B}.Debug|Any CPU.ActiveCfg = Debug|Any CPU
		{17EABE2F-6F53-4796-B9B0-7EBD97CC8C1B}.Debug|Any CPU.Build.0 = Debug|Any CPU
		{17EABE2F-6F53-4796-B9B0-7EBD97CC8C1B}.Release|Any CPU.ActiveCfg = Release|Any CPU
		{17EABE2F-6F53-4796-B9B0-7EBD97CC8C1B}.Release|Any CPU.Build.0 = Release|Any CPU
		{8837DA03-830F-4613-9F60-04E29374A4E0}.Debug|Any CPU.ActiveCfg = Debug|Any CPU
		{8837DA03-830F-4613-9F60-04E29374A4E0}.Debug|Any CPU.Build.0 = Debug|Any CPU
		{8837DA03-830F-4613-9F60-04E29374A4E0}.Release|Any CPU.ActiveCfg = Release|Any CPU
		{8837DA03-830F-4613-9F60-04E29374A4E0}.Release|Any CPU.Build.0 = Release|Any CPU
	EndGlobalSection
	GlobalSection(SolutionProperties) = preSolution
		HideSolutionNode = FALSE
	EndGlobalSection
	GlobalSection(ExtensibilityGlobals) = postSolution
		SolutionGuid = {25F37000-836B-4E30-9E1F-84C00E802A60}
	EndGlobalSection
EndGlobal
